
Microsoft Visual Studio Solution File, Format Version 12.00
# Visual Studio Express 2013 for Windows Desktop
VisualStudioVersion = 12.0.31101.0
MinimumVisualStudioVersion = 10.0.40219.1
Project("{FAE04EC0-301F-11D3-BF4B-00C04F79EFBC}") = "RubberChicken", "RubberChicken\RubberChicken\RubberChicken.csproj", "{BB70C83E-2794-4F05-8F70-1E09863FA666}"
EndProject
Project("{96E2B04D-8817-42C6-938A-82C39BA4D311}") = "RubberChickenContent", "RubberChicken\RubberChickenContent\RubberChickenContent.contentproj", "{1E9F100E-C622-49A0-9D0E-9B194713E1EE}"
EndProject
Global
	GlobalSection(SolutionConfigurationPlatforms) = preSolution
		Debug|x86 = Debug|x86
		Release|x86 = Release|x86
	EndGlobalSection
	GlobalSection(ProjectConfigurationPlatforms) = postSolution
		{BB70C83E-2794-4F05-8F70-1E09863FA666}.Debug|x86.ActiveCfg = Debug|x86
		{BB70C83E-2794-4F05-8F70-1E09863FA666}.Debug|x86.Build.0 = Debug|x86
		{BB70C83E-2794-4F05-8F70-1E09863FA666}.Release|x86.ActiveCfg = Release|x86
		{BB70C83E-2794-4F05-8F70-1E09863FA666}.Release|x86.Build.0 = Release|x86
		{1E9F100E-C622-49A0-9D0E-9B194713E1EE}.Debug|x86.ActiveCfg = Debug|x86
		{1E9F100E-C622-49A0-9D0E-9B194713E1EE}.Release|x86.ActiveCfg = Release|x86
	EndGlobalSection
	GlobalSection(SolutionProperties) = preSolution
		HideSolutionNode = FALSE
	EndGlobalSection
EndGlobal
