
Microsoft Visual Studio Solution File, Format Version 12.00
# Visual Studio Express 2013 for Windows Desktop
VisualStudioVersion = 12.0.31101.0
MinimumVisualStudioVersion = 10.0.40219.1
Project("{FAE04EC0-301F-11D3-BF4B-00C04F79EFBC}") = "ProgrammingAssignment3", "ProgrammingAssignment3\ProgrammingAssignment3\ProgrammingAssignment3.csproj", "{178C21E0-9260-4BCA-AFC0-403E2D3D822B}"
EndProject
Project("{96E2B04D-8817-42C6-938A-82C39BA4D311}") = "ProgrammingAssignment3Content", "ProgrammingAssignment3\ProgrammingAssignment3Content\ProgrammingAssignment3Content.contentproj", "{37501818-0A6A-4901-9917-803A2484C132}"
EndProject
Global
	GlobalSection(SolutionConfigurationPlatforms) = preSolution
		Debug|x86 = Debug|x86
		Release|x86 = Release|x86
	EndGlobalSection
	GlobalSection(ProjectConfigurationPlatforms) = postSolution
		{178C21E0-9260-4BCA-AFC0-403E2D3D822B}.Debug|x86.ActiveCfg = Debug|x86
		{178C21E0-9260-4BCA-AFC0-403E2D3D822B}.Debug|x86.Build.0 = Debug|x86
		{178C21E0-9260-4BCA-AFC0-403E2D3D822B}.Release|x86.ActiveCfg = Release|x86
		{178C21E0-9260-4BCA-AFC0-403E2D3D822B}.Release|x86.Build.0 = Release|x86
		{37501818-0A6A-4901-9917-803A2484C132}.Debug|x86.ActiveCfg = Debug|x86
		{37501818-0A6A-4901-9917-803A2484C132}.Release|x86.ActiveCfg = Release|x86
	EndGlobalSection
	GlobalSection(SolutionProperties) = preSolution
		HideSolutionNode = FALSE
	EndGlobalSection
EndGlobal
